# THIS IS AN AUTOGENERATED FILE. DO NOT EDIT THIS FILE DIRECTLY.
# yarn lockfile v1


"@doraemon-module/nuxt-functions@^1.0.1":
  version "1.0.1"
  resolved "https://registry.yarnpkg.com/@doraemon-module/nuxt-functions/-/nuxt-functions-1.0.1.tgz#2ba710201ee9d6203ce1d6957003f00a6a6b9758"
  integrity sha512-eIFTp2zv2d2vegn2VWEEe78pdIrlsv4CsGeSVW6t9esC2xOt0KIQv343/3/ZLMgBVpTpdfV1AgrZ4JtkUnsPiQ==
  dependencies:
    mkdirp "^1.0.4"

mkdirp@^1.0.4:
  version "1.0.4"
  resolved "https://registry.yarnpkg.com/mkdirp/-/mkdirp-1.0.4.tgz#3eb5ed62622756d79a5f0e2a221dfebad75c2f7e"
  integrity sha512-vVqVZQyf3WLx2Shd0qJ9xuvqgAyKPLAiqITEtqW0oIUjzo3PePDd6fW9iFz30ef7Ysp/oiWqbhszeGWW2T6Gzw==
